
Microsoft Visual Studio Solution File, Format Version 12.00
# Visual Studio Version 17
VisualStudioVersion = 17.8.34408.163
MinimumVisualStudioVersion = 10.0.40219.1
Project("{FAE04EC0-301F-11D3-BF4B-00C04F79EFBC}") = "ColdWalletReader", "ColdWalletReader.csproj", "{20507DDB-4DAA-4CE1-9D2E-FE0834E60A14}"
EndProject
Project("{2150E333-8FDC-42A3-9474-1A3956D46DE8}") = "Itens de Solução", "Itens de Solução", "{520860BA-0BD9-4FA4-BB9C-37C0A59233D1}"
	ProjectSection(SolutionItems) = preProject
		english.txt = english.txt
		LICENSE = LICENSE
		readme.md = readme.md
	EndProjectSection
EndProject
Global
	GlobalSection(SolutionConfigurationPlatforms) = preSolution
		Debug|Any CPU = Debug|Any CPU
		Release|Any CPU = Release|Any CPU
	EndGlobalSection
	GlobalSection(ProjectConfigurationPlatforms) = postSolution
		{20507DDB-4DAA-4CE1-9D2E-FE0834E60A14}.Debug|Any CPU.ActiveCfg = Debug|Any CPU
		{20507DDB-4DAA-4CE1-9D2E-FE0834E60A14}.Debug|Any CPU.Build.0 = Debug|Any CPU
		{20507DDB-4DAA-4CE1-9D2E-FE0834E60A14}.Release|Any CPU.ActiveCfg = Release|Any CPU
		{20507DDB-4DAA-4CE1-9D2E-FE0834E60A14}.Release|Any CPU.Build.0 = Release|Any CPU
	EndGlobalSection
	GlobalSection(SolutionProperties) = preSolution
		HideSolutionNode = FALSE
	EndGlobalSection
	GlobalSection(ExtensibilityGlobals) = postSolution
		SolutionGuid = {858FE2DB-FFA7-4937-A503-60D603587AE9}
	EndGlobalSection
EndGlobal
